lockfileVersion: '9.0'

settings:
  autoInstallPeers: true
  excludeLinksFromLockfile: false

importers:

  .:
    dependencies:
      '@prettier/plugin-xml':
        specifier: 3.4.2
        version: 3.4.2(prettier@3.9.0)
      prettier:
        specifier: 3.9.0
        version: 3.9.0
      prettier-plugin-java:
        specifier: 2.10.1
        version: 2.10.1(prettier@3.9.0)
      prettier-plugin-toml:
        specifier: 2.0.6
        version: 2.0.6(prettier@3.9.0)

packages:

  '@prettier/plugin-xml@3.4.2':
    resolution: {integrity: sha512-/UyNlHfkuLXG6Ed85KB0WBF283xn2yavR+UtRibBRUcvEJId2DSLdGXwJ/cDa1X++SWDPzq3+GSFniHjkNy7yg==}
    peerDependencies:
      prettier: ^3.0.0

  '@taplo/core@0.2.0':
    resolution: {integrity: sha512-r8bl54Zj1In3QLkiW/ex694bVzpPJ9EhwqT9xkcUVODnVUGirdB1JTsmiIv0o1uwqZiwhi8xNnTOQBRQCpizrQ==}

  '@taplo/lib@0.5.0':
    resolution: {integrity: sha512-+xIqpQXJco3T+VGaTTwmhxLa51qpkQxCjRwezjFZgr+l21ExlywJFcDfTrNmL6lG6tqb0h8GyJKO3UPGPtSCWg==}

  '@xml-tools/parser@1.0.11':
    resolution: {integrity: sha512-aKqQ077XnR+oQtHJlrAflaZaL7qZsulWc/i/ZEooar5JiWj1eLt0+Wg28cpa+XLney107wXqneC+oG1IZvxkTA==}

  chevrotain@7.1.1:
    resolution: {integrity: sha512-wy3mC1x4ye+O+QkEinVJkPf5u2vsrDIYW9G7ZuwFl6v/Yu0LwUuT2POsb+NUWApebyxfkQq6+yDfRExbnI5rcw==}

  prettier-plugin-java@2.10.1:
    resolution: {integrity: sha512-iz3o44Fx7F4S5gO+m8yU/aErGguSjMBXgDopkBpIMoz4XlD/PZt2naooUfqaru/1pU9Z94owpRnqXMe3P40peA==}
    peerDependencies:
      prettier: ^3.0.0

  prettier-plugin-toml@2.0.6:
    resolution: {integrity: sha512-12N/wBuHa9jd/KVy9pRP20NMKxQfQLMseQCt66lIbLaPLItvGUcSIryE1eZZMJ7loSws6Ig3M2Elc2EreNh76w==}
    engines: {node: '>=16.0.0'}
    peerDependencies:
      prettier: ^3.0.3

  prettier@3.9.0:
    resolution: {integrity: sha512-LjIqSIC5VYLzs9WedVmJ2ljNAGnU+DteIClbahu4L/DBeWjZ6iT/k1lAYyu9JUh+1xINxWadaPw/Pl63y/agAw==}
    engines: {node: '>=14'}
    hasBin: true

  regexp-to-ast@0.5.0:
    resolution: {integrity: sha512-tlbJqcMHnPKI9zSrystikWKwHkBqu2a/Sgw01h3zFjvYrMxEDYHzzoMZnUrbIfpTFEsoRnnviOXNCzFiSc54Qw==}

  web-tree-sitter@0.26.9:
    resolution: {integrity: sha512-YJwSHANl6XFgeEjB8nitgj0qZYt5gkIesJ4w2srS2wcLB4GUa4xcOkM0YaMsU6WNR53YVIkDSY7Ej4pf3IXtCA==}

snapshots:

  '@prettier/plugin-xml@3.4.2(prettier@3.9.0)':
    dependencies:
      '@xml-tools/parser': 1.0.11
      prettier: 3.9.0

  '@taplo/core@0.2.0': {}

  '@taplo/lib@0.5.0':
    dependencies:
      '@taplo/core': 0.2.0

  '@xml-tools/parser@1.0.11':
    dependencies:
      chevrotain: 7.1.1

  chevrotain@7.1.1:
    dependencies:
      regexp-to-ast: 0.5.0

  prettier-plugin-java@2.10.1(prettier@3.9.0):
    dependencies:
      prettier: 3.9.0
      web-tree-sitter: 0.26.9

  prettier-plugin-toml@2.0.6(prettier@3.9.0):
    dependencies:
      '@taplo/lib': 0.5.0
      prettier: 3.9.0

  prettier@3.9.0: {}

  regexp-to-ast@0.5.0: {}

  web-tree-sitter@0.26.9: {}
